
Microsoft Visual Studio Solution File, Format Version 12.00
# Visual Studio Version 16
VisualStudioVersion = 16.0.30320.27
MinimumVisualStudioVersion = 10.0.40219.1
Project("{FAE04EC0-301F-11D3-BF4B-00C04F79EFBC}") = "WebAppPasswordG", "WebAppPasswordG\WebAppPasswordG.csproj", "{F975980A-E35A-4EC3-B7E9-02BE6EF6A925}"
EndProject
Global
	GlobalSection(SolutionConfigurationPlatforms) = preSolution
		Debug|Any CPU = Debug|Any CPU
		Release|Any CPU = Release|Any CPU
	EndGlobalSection
	GlobalSection(ProjectConfigurationPlatforms) = postSolution
		{F975980A-E35A-4EC3-B7E9-02BE6EF6A925}.Debug|Any CPU.ActiveCfg = Debug|Any CPU
		{F975980A-E35A-4EC3-B7E9-02BE6EF6A925}.Debug|Any CPU.Build.0 = Debug|Any CPU
		{F975980A-E35A-4EC3-B7E9-02BE6EF6A925}.Release|Any CPU.ActiveCfg = Release|Any CPU
		{F975980A-E35A-4EC3-B7E9-02BE6EF6A925}.Release|Any CPU.Build.0 = Release|Any CPU
	EndGlobalSection
	GlobalSection(SolutionProperties) = preSolution
		HideSolutionNode = FALSE
	EndGlobalSection
	GlobalSection(ExtensibilityGlobals) = postSolution
		SolutionGuid = {F514175D-13E9-4877-9B82-57693B7EBC72}
	EndGlobalSection
EndGlobal
